
Microsoft Visual Studio Solution File, Format Version 12.00
# Visual Studio Version 16
VisualStudioVersion = 16.0.31605.320
MinimumVisualStudioVersion = 10.0.40219.1
Project("{FAE04EC0-301F-11D3-BF4B-00C04F79EFBC}") = "Exercises31,32", "Exercises31,32\Exercises31,32.csproj", "{4E435A30-B469-4EEB-8690-BC3CB78C7C9A}"
EndProject
Global
	GlobalSection(SolutionConfigurationPlatforms) = preSolution
		Debug|Any CPU = Debug|Any CPU
		Release|Any CPU = Release|Any CPU
	EndGlobalSection
	GlobalSection(ProjectConfigurationPlatforms) = postSolution
		{4E435A30-B469-4EEB-8690-BC3CB78C7C9A}.Debug|Any CPU.ActiveCfg = Debug|Any CPU
		{4E435A30-B469-4EEB-8690-BC3CB78C7C9A}.Debug|Any CPU.Build.0 = Debug|Any CPU
		{4E435A30-B469-4EEB-8690-BC3CB78C7C9A}.Release|Any CPU.ActiveCfg = Release|Any CPU
		{4E435A30-B469-4EEB-8690-BC3CB78C7C9A}.Release|Any CPU.Build.0 = Release|Any CPU
	EndGlobalSection
	GlobalSection(SolutionProperties) = preSolution
		HideSolutionNode = FALSE
	EndGlobalSection
	GlobalSection(ExtensibilityGlobals) = postSolution
		SolutionGuid = {252B922F-C3CA-46DB-AC45-C05A7AFF72E9}
	EndGlobalSection
EndGlobal
